
Microsoft Visual Studio Solution File, Format Version 12.00
# Visual Studio Version 17
VisualStudioVersion = 17.1.32328.378
MinimumVisualStudioVersion = 10.0.40219.1
Project("{FAE04EC0-301F-11D3-BF4B-00C04F79EFBC}") = "LabMVCTesting", "LabMVCTesting\LabMVCTesting.csproj", "{93806FDE-BABA-4174-8CB5-0DA0AC3D7F3C}"
EndProject
Project("{FAE04EC0-301F-11D3-BF4B-00C04F79EFBC}") = "ConversorJson", "ConversorJson\ConversorJson.csproj", "{7EDE9C29-4AF1-405E-A4DA-96B871DDF01D}"
EndProject
Global
	GlobalSection(SolutionConfigurationPlatforms) = preSolution
		Debug|Any CPU = Debug|Any CPU
		Release|Any CPU = Release|Any CPU
	EndGlobalSection
	GlobalSection(ProjectConfigurationPlatforms) = postSolution
		{93806FDE-BABA-4174-8CB5-0DA0AC3D7F3C}.Debug|Any CPU.ActiveCfg = Debug|Any CPU
		{93806FDE-BABA-4174-8CB5-0DA0AC3D7F3C}.Debug|Any CPU.Build.0 = Debug|Any CPU
		{93806FDE-BABA-4174-8CB5-0DA0AC3D7F3C}.Release|Any CPU.ActiveCfg = Release|Any CPU
		{93806FDE-BABA-4174-8CB5-0DA0AC3D7F3C}.Release|Any CPU.Build.0 = Release|Any CPU
		{7EDE9C29-4AF1-405E-A4DA-96B871DDF01D}.Debug|Any CPU.ActiveCfg = Debug|Any CPU
		{7EDE9C29-4AF1-405E-A4DA-96B871DDF01D}.Debug|Any CPU.Build.0 = Debug|Any CPU
		{7EDE9C29-4AF1-405E-A4DA-96B871DDF01D}.Release|Any CPU.ActiveCfg = Release|Any CPU
		{7EDE9C29-4AF1-405E-A4DA-96B871DDF01D}.Release|Any CPU.Build.0 = Release|Any CPU
	EndGlobalSection
	GlobalSection(SolutionProperties) = preSolution
		HideSolutionNode = FALSE
	EndGlobalSection
	GlobalSection(ExtensibilityGlobals) = postSolution
		SolutionGuid = {AF08168A-D8D5-401D-A333-6EAB18EC6D8F}
	EndGlobalSection
EndGlobal
